// !$*UTF8*$!
{
	archiveVersion = 1;
	classes = {
	};
	objectVersion = 56;
	objects = {

/* Begin PBXBuildFile section */
		1E03A10A29435BD7008B227A /* category.swift in Sources */ = {isa = PBXBuildFile; fileRef = 1E03A10929435BD7008B227A /* category.swift */; };
		1E3B493D2949F0830060C8E6 /* WijhaPage.swift in Sources */ = {isa = PBXBuildFile; fileRef = 1E3B493C2949F0830060C8E6 /* WijhaPage.swift */; };
		1E8E224C2940C17400C2330A /* StartApp.swift in Sources */ = {isa = PBXBuildFile; fileRef = 1E8E224B2940C17400C2330A /* StartApp.swift */; };
		1E8E224E2940C17400C2330A /* BookmarkView.swift in Sources */ = {isa = PBXBuildFile; fileRef = 1E8E224D2940C17400C2330A /* BookmarkView.swift */; };
		1E8E22502940C17500C2330A /* Assets.xcassets in Resources */ = {isa = PBXBuildFile; fileRef = 1E8E224F2940C17500C2330A /* Assets.xcassets */; };
		1E8E22532940C17500C2330A /* Preview Assets.xcassets in Resources */ = {isa = PBXBuildFile; fileRef = 1E8E22522940C17500C2330A /* Preview Assets.xcassets */; };
		1E8E225D2940C17500C2330A /* BookmarkedTests.swift in Sources */ = {isa = PBXBuildFile; fileRef = 1E8E225C2940C17500C2330A /* BookmarkedTests.swift */; };
		1E8E22672940C17500C2330A /* BookmarkedUITests.swift in Sources */ = {isa = PBXBuildFile; fileRef = 1E8E22662940C17500C2330A /* BookmarkedUITests.swift */; };
		1E8E22692940C17500C2330A /* BookmarkedUITestsLaunchTests.swift in Sources */ = {isa = PBXBuildFile; fileRef = 1E8E22682940C17500C2330A /* BookmarkedUITestsLaunchTests.swift */; };
		1EC5F2CA294A36EF00CC7AB0 /* OnBording.swift in Sources */ = {isa = PBXBuildFile; fileRef = 1EC5F2C9294A36EF00CC7AB0 /* OnBording.swift */; };
		E9A890FE2952EA0B00F3D086 /* catagoryInd.swift in Sources */ = {isa = PBXBuildFile; fileRef = E9A890FD2952EA0B00F3D086 /* catagoryInd.swift */; };
		E9A891002952F24A00F3D086 /* Splash.swift in Sources */ = {isa = PBXBuildFile; fileRef = E9A890FF2952F24A00F3D086 /* Splash.swift */; };
		E9AEEF67294A688600D0C369 /* CKCrudv.swift in Sources */ = {isa = PBXBuildFile; fileRef = E9AEEF66294A688600D0C369 /* CKCrudv.swift */; };
		E9AEEF6B294CA02F00D0C369 /* PushNot.swift in Sources */ = {isa = PBXBuildFile; fileRef = E9AEEF6A294CA02F00D0C369 /* PushNot.swift */; };
		E9BEFA342951D26400FDF49D /* PlaceDetails.swift in Sources */ = {isa = PBXBuildFile; fileRef = E9BEFA332951D26400FDF49D /* PlaceDetails.swift */; };
		E9FA19AD2954627000A85B17 /* Localizable.strings in Resources */ = {isa = PBXBuildFile; fileRef = E9FA19AB2954627000A85B17 /* Localizable.strings */; };
/* End PBXBuildFile section */

/* Begin PBXContainerItemProxy section */
		1E8E22592940C17500C2330A /* PBXContainerItemProxy */ = {
			isa = PBXContainerItemProxy;
			containerPortal = 1E8E22402940C17400C2330A /* Project object */;
			proxyType = 1;
			remoteGlobalIDString = 1E8E22472940C17400C2330A;
			remoteInfo = Bookmarked;
		};
		1E8E22632940C17500C2330A /* PBXContainerItemProxy */ = {
			isa = PBXContainerItemProxy;
			containerPortal = 1E8E22402940C17400C2330A /* Project object */;
			proxyType = 1;
			remoteGlobalIDString = 1E8E22472940C17400C2330A;
			remoteInfo = Bookmarked;
		};
/* End PBXContainerItemProxy section */

/* Begin PBXFileReference section */
		1E03A10929435BD7008B227A /* category.swift */ = {isa = PBXFileReference; lastKnownFileType = sourcecode.swift; path = category.swift; sourceTree = "<group>"; };
		1E3B493C2949F0830060C8E6 /* WijhaPage.swift */ = {isa = PBXFileReference; lastKnownFileType = sourcecode.swift; path = WijhaPage.swift; sourceTree = "<group>"; };
		1E8E22482940C17400C2330A /* Wijha.app */ = {isa = PBXFileReference; explicitFileType = wrapper.application; includeInIndex = 0; path = Wijha.app; sourceTree = BUILT_PRODUCTS_DIR; };
		1E8E224B2940C17400C2330A /* StartApp.swift */ = {isa = PBXFileReference; lastKnownFileType = sourcecode.swift; path = StartApp.swift; sourceTree = "<group>"; };
		1E8E224D2940C17400C2330A /* BookmarkView.swift */ = {isa = PBXFileReference; lastKnownFileType = sourcecode.swift; path = BookmarkView.swift; sourceTree = "<group>"; };
		1E8E224F2940C17500C2330A /* Assets.xcassets */ = {isa = PBXFileReference; lastKnownFileType = folder.assetcatalog; path = Assets.xcassets; sourceTree = "<group>"; };
		1E8E22522940C17500C2330A /* Preview Assets.xcassets */ = {isa = PBXFileReference; lastKnownFileType = folder.assetcatalog; path = "Preview Assets.xcassets"; sourceTree = "<group>"; };
		1E8E22582940C17500C2330A /* BookmarkedTests.xctest */ = {isa = PBXFileReference; explicitFileType = wrapper.cfbundle; includeInIndex = 0; path = BookmarkedTests.xctest; sourceTree = BUILT_PRODUCTS_DIR; };
		1E8E225C2940C17500C2330A /* BookmarkedTests.swift */ = {isa = PBXFileReference; lastKnownFileType = sourcecode.swift; path = BookmarkedTests.swift; sourceTree = "<group>"; };
		1E8E22622940C17500C2330A /* BookmarkedUITests.xctest */ = {isa = PBXFileReference; explicitFileType = wrapper.cfbundle; includeInIndex = 0; path = BookmarkedUITests.xctest; sourceTree = BUILT_PRODUCTS_DIR; };
		1E8E22662940C17500C2330A /* BookmarkedUITests.swift */ = {isa = PBXFileReference; lastKnownFileType = sourcecode.swift; path = BookmarkedUITests.swift; sourceTree = "<group>"; };
		1E8E22682940C17500C2330A /* BookmarkedUITestsLaunchTests.swift */ = {isa = PBXFileReference; lastKnownFileType = sourcecode.swift; path = BookmarkedUITestsLaunchTests.swift; sourceTree = "<group>"; };
		1EC5F2C9294A36EF00CC7AB0 /* OnBording.swift */ = {isa = PBXFileReference; lastKnownFileType = sourcecode.swift; path = OnBording.swift; sourceTree = "<group>"; };
		E9A890FD2952EA0B00F3D086 /* catagoryInd.swift */ = {isa = PBXFileReference; lastKnownFileType = sourcecode.swift; path = catagoryInd.swift; sourceTree = "<group>"; };
		E9A890FF2952F24A00F3D086 /* Splash.swift */ = {isa = PBXFileReference; lastKnownFileType = sourcecode.swift; path = Splash.swift; sourceTree = "<group>"; };
		E9AEEF66294A688600D0C369 /* CKCrudv.swift */ = {isa = PBXFileReference; lastKnownFileType = sourcecode.swift; path = CKCrudv.swift; sourceTree = "<group>"; };
		E9AEEF6A294CA02F00D0C369 /* PushNot.swift */ = {isa = PBXFileReference; lastKnownFileType = sourcecode.swift; path = PushNot.swift; sourceTree = "<group>"; };
		E9BEFA332951D26400FDF49D /* PlaceDetails.swift */ = {isa = PBXFileReference; lastKnownFileType = sourcecode.swift; path = PlaceDetails.swift; sourceTree = "<group>"; };
		E9FA19AC2954627000A85B17 /* ar */ = {isa = PBXFileReference; lastKnownFileType = text.plist.strings; name = ar; path = "../../../../Dropbox (Developer Academy)/Wijha copy/ar.lproj/Localizable.strings"; sourceTree = "<group>"; };
		E9FF4888294A57A3009C556A /* Bookmarked.entitlements */ = {isa = PBXFileReference; lastKnownFileType = text.plist.entitlements; path = Bookmarked.entitlements; sourceTree = "<group>"; };
/* End PBXFileReference section */

/* Begin PBXFrameworksBuildPhase section */
		1E8E22452940C17400C2330A /* Frameworks */ = {
			isa = PBXFrameworksBuildPhase;
			buildActionMask = 2147483647;
			files = (
			);
			runOnlyForDeploymentPostprocessing = 0;
		};
		1E8E22552940C17500C2330A /* Frameworks */ = {
			isa = PBXFrameworksBuildPhase;
			buildActionMask = 2147483647;
			files = (
			);
			runOnlyForDeploymentPostprocessing = 0;
		};
		1E8E225F2940C17500C2330A /* Frameworks */ = {
			isa = PBXFrameworksBuildPhase;
			buildActionMask = 2147483647;
			files = (
			);
			runOnlyForDeploymentPostprocessing = 0;
		};
/* End PBXFrameworksBuildPhase section */

/* Begin PBXGroup section */
		1E8E223F2940C17400C2330A = {
			isa = PBXGroup;
			children = (
				1E8E224A2940C17400C2330A /* Bookmarked */,
				1E8E225B2940C17500C2330A /* BookmarkedTests */,
				1E8E22652940C17500C2330A /* BookmarkedUITests */,
				1E8E22492940C17400C2330A /* Products */,
			);
			sourceTree = "<group>";
		};
		1E8E22492940C17400C2330A /* Products */ = {
			isa = PBXGroup;
			children = (
				1E8E22482940C17400C2330A /* Wijha.app */,
				1E8E22582940C17500C2330A /* BookmarkedTests.xctest */,
				1E8E22622940C17500C2330A /* BookmarkedUITests.xctest */,
			);
			name = Products;
			sourceTree = "<group>";
		};
		1E8E224A2940C17400C2330A /* Bookmarked */ = {
			isa = PBXGroup;
			children = (
				E9FF4888294A57A3009C556A /* Bookmarked.entitlements */,
				1EC5F2C2294A35AC00CC7AB0 /* Wijha App */,
				1E8E224F2940C17500C2330A /* Assets.xcassets */,
				1E8E22512940C17500C2330A /* Preview Content */,
			);
			path = Bookmarked;
			sourceTree = "<group>";
		};
		1E8E22512940C17500C2330A /* Preview Content */ = {
			isa = PBXGroup;
			children = (
				1E8E22522940C17500C2330A /* Preview Assets.xcassets */,
			);
			path = "Preview Content";
			sourceTree = "<group>";
		};
		1E8E225B2940C17500C2330A /* BookmarkedTests */ = {
			isa = PBXGroup;
			children = (
				1E8E225C2940C17500C2330A /* BookmarkedTests.swift */,
			);
			path = BookmarkedTests;
			sourceTree = "<group>";
		};
		1E8E22652940C17500C2330A /* BookmarkedUITests */ = {
			isa = PBXGroup;
			children = (
				1E8E22662940C17500C2330A /* BookmarkedUITests.swift */,
				1E8E22682940C17500C2330A /* BookmarkedUITestsLaunchTests.swift */,
			);
			path = BookmarkedUITests;
			sourceTree = "<group>";
		};
		1EC5F2C2294A35AC00CC7AB0 /* Wijha App */ = {
			isa = PBXGroup;
			children = (
				1E8E224B2940C17400C2330A /* StartApp.swift */,
				E9A890FF2952F24A00F3D086 /* Splash.swift */,
				1EC5F2C9294A36EF00CC7AB0 /* OnBording.swift */,
				1E3B493C2949F0830060C8E6 /* WijhaPage.swift */,
				1E8E224D2940C17400C2330A /* BookmarkView.swift */,
				1E03A10929435BD7008B227A /* category.swift */,
				E9A890FD2952EA0B00F3D086 /* catagoryInd.swift */,
				E9AEEF6A294CA02F00D0C369 /* PushNot.swift */,
				E9AEEF66294A688600D0C369 /* CKCrudv.swift */,
				E9BEFA332951D26400FDF49D /* PlaceDetails.swift */,
				E9FA19AB2954627000A85B17 /* Localizable.strings */,
			);
			path = "Wijha App";
			sourceTree = "<group>";
		};
/* End PBXGroup section */

/* Begin PBXNativeTarget section */
		1E8E22472940C17400C2330A /* Wijha */ = {
			isa = PBXNativeTarget;
			buildConfigurationList = 1E8E226C2940C17500C2330A /* Build configuration list for PBXNativeTarget "Wijha" */;
			buildPhases = (
				1E8E22442940C17400C2330A /* Sources */,
				1E8E22452940C17400C2330A /* Frameworks */,
				1E8E22462940C17400C2330A /* Resources */,
			);
			buildRules = (
			);
			dependencies = (
			);
			name = Wijha;
			productName = Bookmarked;
			productReference = 1E8E22482940C17400C2330A /* Wijha.app */;
			productType = "com.apple.product-type.application";
		};
		1E8E22572940C17500C2330A /* BookmarkedTests */ = {
			isa = PBXNativeTarget;
			buildConfigurationList = 1E8E226F2940C17500C2330A /* Build configuration list for PBXNativeTarget "BookmarkedTests" */;
			buildPhases = (
				1E8E22542940C17500C2330A /* Sources */,
				1E8E22552940C17500C2330A /* Frameworks */,
				1E8E22562940C17500C2330A /* Resources */,
			);
			buildRules = (
			);
			dependencies = (
				1E8E225A2940C17500C2330A /* PBXTargetDependency */,
			);
			name = BookmarkedTests;
			productName = BookmarkedTests;
			productReference = 1E8E22582940C17500C2330A /* BookmarkedTests.xctest */;
			productType = "com.apple.product-type.bundle.unit-test";
		};
		1E8E22612940C17500C2330A /* BookmarkedUITests */ = {
			isa = PBXNativeTarget;
			buildConfigurationList = 1E8E22722940C17500C2330A /* Build configuration list for PBXNativeTarget "BookmarkedUITests" */;
			buildPhases = (
				1E8E225E2940C17500C2330A /* Sources */,
				1E8E225F2940C17500C2330A /* Frameworks */,
				1E8E22602940C17500C2330A /* Resources */,
			);
			buildRules = (
			);
			dependencies = (
				1E8E22642940C17500C2330A /* PBXTargetDependency */,
			);
			name = BookmarkedUITests;
			productName = BookmarkedUITests;
			productReference = 1E8E22622940C17500C2330A /* BookmarkedUITests.xctest */;
			productType = "com.apple.product-type.bundle.ui-testing";
		};
/* End PBXNativeTarget section */

/* Begin PBXProject section */
		1E8E22402940C17400C2330A /* Project object */ = {
			isa = PBXProject;
			attributes = {
				BuildIndependentTargetsInParallel = 1;
				LastSwiftUpdateCheck = 1400;
				LastUpgradeCheck = 1400;
				TargetAttributes = {
					1E8E22472940C17400C2330A = {
						CreatedOnToolsVersion = 14.0.1;
					};
					1E8E22572940C17500C2330A = {
						CreatedOnToolsVersion = 14.0.1;
						TestTargetID = 1E8E22472940C17400C2330A;
					};
					1E8E22612940C17500C2330A = {
						CreatedOnToolsVersion = 14.0.1;
						TestTargetID = 1E8E22472940C17400C2330A;
					};
				};
			};
			buildConfigurationList = 1E8E22432940C17400C2330A /* Build configuration list for PBXProject "Bookmarked" */;
			compatibilityVersion = "Xcode 14.0";
			developmentRegion = en;
			hasScannedForEncodings = 0;
			knownRegions = (
				en,
				Base,
				ar,
			);
			mainGroup = 1E8E223F2940C17400C2330A;
			productRefGroup = 1E8E22492940C17400C2330A /* Products */;
			projectDirPath = "";
			projectRoot = "";
			targets = (
				1E8E22472940C17400C2330A /* Wijha */,
				1E8E22572940C17500C2330A /* BookmarkedTests */,
				1E8E22612940C17500C2330A /* BookmarkedUITests */,
			);
		};
/* End PBXProject section */

/* Begin PBXResourcesBuildPhase section */
		1E8E22462940C17400C2330A /* Resources */ = {
			isa = PBXResourcesBuildPhase;
			buildActionMask = 2147483647;
			files = (
				1E8E22532940C17500C2330A /* Preview Assets.xcassets in Resources */,
				E9FA19AD2954627000A85B17 /* Localizable.strings in Resources */,
				1E8E22502940C17500C2330A /* Assets.xcassets in Resources */,
			);
			runOnlyForDeploymentPostprocessing = 0;
		};
		1E8E22562940C17500C2330A /* Resources */ = {
			isa = PBXResourcesBuildPhase;
			buildActionMask = 2147483647;
			files = (
			);
			runOnlyForDeploymentPostprocessing = 0;
		};
		1E8E22602940C17500C2330A /* Resources */ = {
			isa = PBXResourcesBuildPhase;
			buildActionMask = 2147483647;
			files = (
			);
			runOnlyForDeploymentPostprocessing = 0;
		};
/* End PBXResourcesBuildPhase section */

/* Begin PBXSourcesBuildPhase section */
		1E8E22442940C17400C2330A /* Sources */ = {
			isa = PBXSourcesBuildPhase;
			buildActionMask = 2147483647;
			files = (
				E9A891002952F24A00F3D086 /* Splash.swift in Sources */,
				1E8E224E2940C17400C2330A /* BookmarkView.swift in Sources */,
				E9AEEF6B294CA02F00D0C369 /* PushNot.swift in Sources */,
				E9AEEF67294A688600D0C369 /* CKCrudv.swift in Sources */,
				1E03A10A29435BD7008B227A /* category.swift in Sources */,
				1E8E224C2940C17400C2330A /* StartApp.swift in Sources */,
				E9BEFA342951D26400FDF49D /* PlaceDetails.swift in Sources */,
				E9A890FE2952EA0B00F3D086 /* catagoryInd.swift in Sources */,
				1EC5F2CA294A36EF00CC7AB0 /* OnBording.swift in Sources */,
				1E3B493D2949F0830060C8E6 /* WijhaPage.swift in Sources */,
			);
			runOnlyForDeploymentPostprocessing = 0;
		};
		1E8E22542940C17500C2330A /* Sources */ = {
			isa = PBXSourcesBuildPhase;
			buildActionMask = 2147483647;
			files = (
				1E8E225D2940C17500C2330A /* BookmarkedTests.swift in Sources */,
			);
			runOnlyForDeploymentPostprocessing = 0;
		};
		1E8E225E2940C17500C2330A /* Sources */ = {
			isa = PBXSourcesBuildPhase;
			buildActionMask = 2147483647;
			files = (
				1E8E22672940C17500C2330A /* BookmarkedUITests.swift in Sources */,
				1E8E22692940C17500C2330A /* BookmarkedUITestsLaunchTests.swift in Sources */,
			);
			runOnlyForDeploymentPostprocessing = 0;
		};
/* End PBXSourcesBuildPhase section */

/* Begin PBXTargetDependency section */
		1E8E225A2940C17500C2330A /* PBXTargetDependency */ = {
			isa = PBXTargetDependency;
			target = 1E8E22472940C17400C2330A /* Wijha */;
			targetProxy = 1E8E22592940C17500C2330A /* PBXContainerItemProxy */;
		};
		1E8E22642940C17500C2330A /* PBXTargetDependency */ = {
			isa = PBXTargetDependency;
			target = 1E8E22472940C17400C2330A /* Wijha */;
			targetProxy = 1E8E22632940C17500C2330A /* PBXContainerItemProxy */;
		};
/* End PBXTargetDependency section */

/* Begin PBXVariantGroup section */
		E9FA19AB2954627000A85B17 /* Localizable.strings */ = {
			isa = PBXVariantGroup;
			children = (
				E9FA19AC2954627000A85B17 /* ar */,
			);
			name = Localizable.strings;
			sourceTree = "<group>";
		};
/* End PBXVariantGroup section */

/* Begin XCBuildConfiguration section */
		1E8E226A2940C17500C2330A /* Debug */ = {
			isa = XCBuildConfiguration;
			buildSettings = {
				ALWAYS_SEARCH_USER_PATHS = NO;
				CLANG_ANALYZER_NONNULL = YES;
				CLANG_ANALYZER_NUMBER_OBJECT_CONVERSION = YES_AGGRESSIVE;
				CLANG_CXX_LANGUAGE_STANDARD = "gnu++20";
				CLANG_ENABLE_MODULES = YES;
				CLANG_ENABLE_OBJC_ARC = YES;
				CLANG_ENABLE_OBJC_WEAK = YES;
				CLANG_WARN_BLOCK_CAPTURE_AUTORELEASING = YES;
				CLANG_WARN_BOOL_CONVERSION = YES;
				CLANG_WARN_COMMA = YES;
				CLANG_WARN_CONSTANT_CONVERSION = YES;
				CLANG_WARN_DEPRECATED_OBJC_IMPLEMENTATIONS = YES;
				CLANG_WARN_DIRECT_OBJC_ISA_USAGE = YES_ERROR;
				CLANG_WARN_DOCUMENTATION_COMMENTS = YES;
				CLANG_WARN_EMPTY_BODY = YES;
				CLANG_WARN_ENUM_CONVERSION = YES;
				CLANG_WARN_INFINITE_RECURSION = YES;
				CLANG_WARN_INT_CONVERSION = YES;
				CLANG_WARN_NON_LITERAL_NULL_CONVERSION = YES;
				CLANG_WARN_OBJC_IMPLICIT_RETAIN_SELF = YES;
				CLANG_WARN_OBJC_LITERAL_CONVERSION = YES;
				CLANG_WARN_OBJC_ROOT_CLASS = YES_ERROR;
				CLANG_WARN_QUOTED_INCLUDE_IN_FRAMEWORK_HEADER = YES;
				CLANG_WARN_RANGE_LOOP_ANALYSIS = YES;
				CLANG_WARN_STRICT_PROTOTYPES = YES;
				CLANG_WARN_SUSPICIOUS_MOVE = YES;
				CLANG_WARN_UNGUARDED_AVAILABILITY = YES_AGGRESSIVE;
				CLANG_WARN_UNREACHABLE_CODE = YES;
				CLANG_WARN__DUPLICATE_METHOD_MATCH = YES;
				COPY_PHASE_STRIP = NO;
				DEBUG_INFORMATION_FORMAT = dwarf;
				ENABLE_STRICT_OBJC_MSGSEND = YES;
				ENABLE_TESTABILITY = YES;
				GCC_C_LANGUAGE_STANDARD = gnu11;
				GCC_DYNAMIC_NO_PIC = NO;
				GCC_NO_COMMON_BLOCKS = YES;
				GCC_OPTIMIZATION_LEVEL = 0;
				GCC_PREPROCESSOR_DEFINITIONS = (
					"DEBUG=1",
					"$(inherited)",
				);
				GCC_WARN_64_TO_32_BIT_CONVERSION = YES;
				GCC_WARN_ABOUT_RETURN_TYPE = YES_ERROR;
				GCC_WARN_UNDECLARED_SELECTOR = YES;
				GCC_WARN_UNINITIALIZED_AUTOS = YES_AGGRESSIVE;
				GCC_WARN_UNUSED_FUNCTION = YES;
				GCC_WARN_UNUSED_VARIABLE = YES;
				IPHONEOS_DEPLOYMENT_TARGET = 16.0;
				MTL_ENABLE_DEBUG_INFO = INCLUDE_SOURCE;
				MTL_FAST_MATH = YES;
				ONLY_ACTIVE_ARCH = YES;
				SDKROOT = iphoneos;
				SWIFT_ACTIVE_COMPILATION_CONDITIONS = DEBUG;
				SWIFT_EMIT_LOC_STRINGS = YES;
				SWIFT_OPTIMIZATION_LEVEL = "-Onone";
			};
			name = Debug;
		};
		1E8E226B2940C17500C2330A /* Release */ = {
			isa = XCBuildConfiguration;
			buildSettings = {
				ALWAYS_SEARCH_USER_PATHS = NO;
				CLANG_ANALYZER_NONNULL = YES;
				CLANG_ANALYZER_NUMBER_OBJECT_CONVERSION = YES_AGGRESSIVE;
				CLANG_CXX_LANGUAGE_STANDARD = "gnu++20";
				CLANG_ENABLE_MODULES = YES;
				CLANG_ENABLE_OBJC_ARC = YES;
				CLANG_ENABLE_OBJC_WEAK = YES;
				CLANG_WARN_BLOCK_CAPTURE_AUTORELEASING = YES;
				CLANG_WARN_BOOL_CONVERSION = YES;
				CLANG_WARN_COMMA = YES;
				CLANG_WARN_CONSTANT_CONVERSION = YES;
				CLANG_WARN_DEPRECATED_OBJC_IMPLEMENTATIONS = YES;
				CLANG_WARN_DIRECT_OBJC_ISA_USAGE = YES_ERROR;
				CLANG_WARN_DOCUMENTATION_COMMENTS = YES;
				CLANG_WARN_EMPTY_BODY = YES;
				CLANG_WARN_ENUM_CONVERSION = YES;
				CLANG_WARN_INFINITE_RECURSION = YES;
				CLANG_WARN_INT_CONVERSION = YES;
				CLANG_WARN_NON_LITERAL_NULL_CONVERSION = YES;
				CLANG_WARN_OBJC_IMPLICIT_RETAIN_SELF = YES;
				CLANG_WARN_OBJC_LITERAL_CONVERSION = YES;
				CLANG_WARN_OBJC_ROOT_CLASS = YES_ERROR;
				CLANG_WARN_QUOTED_INCLUDE_IN_FRAMEWORK_HEADER = YES;
				CLANG_WARN_RANGE_LOOP_ANALYSIS = YES;
				CLANG_WARN_STRICT_PROTOTYPES = YES;
				CLANG_WARN_SUSPICIOUS_MOVE = YES;
				CLANG_WARN_UNGUARDED_AVAILABILITY = YES_AGGRESSIVE;
				CLANG_WARN_UNREACHABLE_CODE = YES;
				CLANG_WARN__DUPLICATE_METHOD_MATCH = YES;
				COPY_PHASE_STRIP = NO;
				DEBUG_INFORMATION_FORMAT = "dwarf-with-dsym";
				ENABLE_NS_ASSERTIONS = NO;
				ENABLE_STRICT_OBJC_MSGSEND = YES;
				GCC_C_LANGUAGE_STANDARD = gnu11;
				GCC_NO_COMMON_BLOCKS = YES;
				GCC_WARN_64_TO_32_BIT_CONVERSION = YES;
				GCC_WARN_ABOUT_RETURN_TYPE = YES_ERROR;
				GCC_WARN_UNDECLARED_SELECTOR = YES;
				GCC_WARN_UNINITIALIZED_AUTOS = YES_AGGRESSIVE;
				GCC_WARN_UNUSED_FUNCTION = YES;
				GCC_WARN_UNUSED_VARIABLE = YES;
				IPHONEOS_DEPLOYMENT_TARGET = 16.0;
				MTL_ENABLE_DEBUG_INFO = NO;
				MTL_FAST_MATH = YES;
				SDKROOT = iphoneos;
				SWIFT_COMPILATION_MODE = wholemodule;
				SWIFT_EMIT_LOC_STRINGS = YES;
				SWIFT_OPTIMIZATION_LEVEL = "-O";
				VALIDATE_PRODUCT = YES;
			};
			name = Release;
		};
		1E8E226D2940C17500C2330A /* Debug */ = {
			isa = XCBuildConfiguration;
			buildSettings = {
				ASSETCATALOG_COMPILER_APPICON_NAME = AppIcon;
				ASSETCATALOG_COMPILER_GLOBAL_ACCENT_COLOR_NAME = AccentColor;
				CODE_SIGN_ENTITLEMENTS = Bookmarked/Bookmarked.entitlements;
				CODE_SIGN_STYLE = Automatic;
				CURRENT_PROJECT_VERSION = 6;
				DEVELOPMENT_ASSET_PATHS = "\"Bookmarked/Preview Content\"";
				DEVELOPMENT_TEAM = CLBBAVL4JN;
				ENABLE_PREVIEWS = YES;
				GENERATE_INFOPLIST_FILE = YES;
				INFOPLIST_KEY_CFBundleDisplayName = Wijha;
				INFOPLIST_KEY_LSApplicationCategoryType = "public.app-category.food-and-drink";
				INFOPLIST_KEY_UIApplicationSceneManifest_Generation = YES;
				INFOPLIST_KEY_UIApplicationSupportsIndirectInputEvents = YES;
				INFOPLIST_KEY_UILaunchScreen_Generation = YES;
				INFOPLIST_KEY_UISupportedInterfaceOrientations = UIInterfaceOrientationPortrait;
				INFOPLIST_KEY_UISupportedInterfaceOrientations_iPad = "UIInterfaceOrientationLandscapeLeft UIInterfaceOrientationLandscapeRight UIInterfaceOrientationPortrait UIInterfaceOrientationPortraitUpsideDown";
				LD_RUNPATH_SEARCH_PATHS = (
					"$(inherited)",
					"@executable_path/Frameworks",
				);
				MARKETING_VERSION = 0.1.0;
				PRODUCT_BUNDLE_IDENTIFIER = com.Jude.wijha;
				PRODUCT_NAME = "$(TARGET_NAME)";
				SWIFT_EMIT_LOC_STRINGS = YES;
				SWIFT_VERSION = 5.0;
				TARGETED_DEVICE_FAMILY = "1,2";
			};
			name = Debug;
		};
		1E8E226E2940C17500C2330A /* Release */ = {
			isa = XCBuildConfiguration;
			buildSettings = {
				ASSETCATALOG_COMPILER_APPICON_NAME = AppIcon;
				ASSETCATALOG_COMPILER_GLOBAL_ACCENT_COLOR_NAME = AccentColor;
				CODE_SIGN_ENTITLEMENTS = Bookmarked/Bookmarked.entitlements;
				CODE_SIGN_STYLE = Automatic;
				CURRENT_PROJECT_VERSION = 6;
				DEVELOPMENT_ASSET_PATHS = "\"Bookmarked/Preview Content\"";
				DEVELOPMENT_TEAM = CLBBAVL4JN;
				ENABLE_PREVIEWS = YES;
				GENERATE_INFOPLIST_FILE = YES;
				INFOPLIST_KEY_CFBundleDisplayName = Wijha;
				INFOPLIST_KEY_LSApplicationCategoryType = "public.app-category.food-and-drink";
				INFOPLIST_KEY_UIApplicationSceneManifest_Generation = YES;
				INFOPLIST_KEY_UIApplicationSupportsIndirectInputEvents = YES;
				INFOPLIST_KEY_UILaunchScreen_Generation = YES;
				INFOPLIST_KEY_UISupportedInterfaceOrientations = UIInterfaceOrientationPortrait;
				INFOPLIST_KEY_UISupportedInterfaceOrientations_iPad = "UIInterfaceOrientationLandscapeLeft UIInterfaceOrientationLandscapeRight UIInterfaceOrientationPortrait UIInterfaceOrientationPortraitUpsideDown";
				LD_RUNPATH_SEARCH_PATHS = (
					"$(inherited)",
					"@executable_path/Frameworks",
				);
				MARKETING_VERSION = 0.1.0;
				PRODUCT_BUNDLE_IDENTIFIER = com.Jude.wijha;
				PRODUCT_NAME = "$(TARGET_NAME)";
				SWIFT_EMIT_LOC_STRINGS = YES;
				SWIFT_VERSION = 5.0;
				TARGETED_DEVICE_FAMILY = "1,2";
			};
			name = Release;
		};
		1E8E22702940C17500C2330A /* Debug */ = {
			isa = XCBuildConfiguration;
			buildSettings = {
				ALWAYS_EMBED_SWIFT_STANDARD_LIBRARIES = YES;
				BUNDLE_LOADER = "$(TEST_HOST)";
				CODE_SIGN_STYLE = Automatic;
				CURRENT_PROJECT_VERSION = 1;
				DEVELOPMENT_TEAM = CLBBAVL4JN;
				GENERATE_INFOPLIST_FILE = YES;
				IPHONEOS_DEPLOYMENT_TARGET = 16.0;
				MARKETING_VERSION = 1.0;
				PRODUCT_BUNDLE_IDENTIFIER = com.Jude.wijha;
				PRODUCT_NAME = "$(TARGET_NAME)";
				SWIFT_EMIT_LOC_STRINGS = NO;
				SWIFT_VERSION = 5.0;
				TARGETED_DEVICE_FAMILY = "1,2";
				TEST_HOST = "$(BUILT_PRODUCTS_DIR)/Bookmarked.app/$(BUNDLE_EXECUTABLE_FOLDER_PATH)/Bookmarked";
			};
			name = Debug;
		};
		1E8E22712940C17500C2330A /* Release */ = {
			isa = XCBuildConfiguration;
			buildSettings = {
				ALWAYS_EMBED_SWIFT_STANDARD_LIBRARIES = YES;
				BUNDLE_LOADER = "$(TEST_HOST)";
				CODE_SIGN_STYLE = Automatic;
				CURRENT_PROJECT_VERSION = 1;
				DEVELOPMENT_TEAM = CLBBAVL4JN;
				GENERATE_INFOPLIST_FILE = YES;
				IPHONEOS_DEPLOYMENT_TARGET = 16.0;
				MARKETING_VERSION = 1.0;
				PRODUCT_BUNDLE_IDENTIFIER = com.Jude.wijha;
				PRODUCT_NAME = "$(TARGET_NAME)";
				SWIFT_EMIT_LOC_STRINGS = NO;
				SWIFT_VERSION = 5.0;
				TARGETED_DEVICE_FAMILY = "1,2";
				TEST_HOST = "$(BUILT_PRODUCTS_DIR)/Bookmarked.app/$(BUNDLE_EXECUTABLE_FOLDER_PATH)/Bookmarked";
			};
			name = Release;
		};
		1E8E22732940C17500C2330A /* Debug */ = {
			isa = XCBuildConfiguration;
			buildSettings = {
				ALWAYS_EMBED_SWIFT_STANDARD_LIBRARIES = YES;
				CODE_SIGN_STYLE = Automatic;
				CURRENT_PROJECT_VERSION = 1;
				DEVELOPMENT_TEAM = CLBBAVL4JN;
				GENERATE_INFOPLIST_FILE = YES;
				MARKETING_VERSION = 1.0;
				PRODUCT_BUNDLE_IDENTIFIER = com.Jude.wijha;
				PRODUCT_NAME = "$(TARGET_NAME)";
				SWIFT_EMIT_LOC_STRINGS = NO;
				SWIFT_VERSION = 5.0;
				TARGETED_DEVICE_FAMILY = "1,2";
				TEST_TARGET_NAME = Bookmarked;
			};
			name = Debug;
		};
		1E8E22742940C17500C2330A /* Release */ = {
			isa = XCBuildConfiguration;
			buildSettings = {
				ALWAYS_EMBED_SWIFT_STANDARD_LIBRARIES = YES;
				CODE_SIGN_STYLE = Automatic;
				CURRENT_PROJECT_VERSION = 1;
				DEVELOPMENT_TEAM = CLBBAVL4JN;
				GENERATE_INFOPLIST_FILE = YES;
				MARKETING_VERSION = 1.0;
				PRODUCT_BUNDLE_IDENTIFIER = com.Jude.wijha;
				PRODUCT_NAME = "$(TARGET_NAME)";
				SWIFT_EMIT_LOC_STRINGS = NO;
				SWIFT_VERSION = 5.0;
				TARGETED_DEVICE_FAMILY = "1,2";
				TEST_TARGET_NAME = Bookmarked;
			};
			name = Release;
		};
/* End XCBuildConfiguration section */

/* Begin XCConfigurationList section */
		1E8E22432940C17400C2330A /* Build configuration list for PBXProject "Bookmarked" */ = {
			isa = XCConfigurationList;
			buildConfigurations = (
				1E8E226A2940C17500C2330A /* Debug */,
				1E8E226B2940C17500C2330A /* Release */,
			);
			defaultConfigurationIsVisible = 0;
			defaultConfigurationName = Release;
		};
		1E8E226C2940C17500C2330A /* Build configuration list for PBXNativeTarget "Wijha" */ = {
			isa = XCConfigurationList;
			buildConfigurations = (
				1E8E226D2940C17500C2330A /* Debug */,
				1E8E226E2940C17500C2330A /* Release */,
			);
			defaultConfigurationIsVisible = 0;
			defaultConfigurationName = Release;
		};
		1E8E226F2940C17500C2330A /* Build configuration list for PBXNativeTarget "BookmarkedTests" */ = {
			isa = XCConfigurationList;
			buildConfigurations = (
				1E8E22702940C17500C2330A /* Debug */,
				1E8E22712940C17500C2330A /* Release */,
			);
			defaultConfigurationIsVisible = 0;
			defaultConfigurationName = Release;
		};
		1E8E22722940C17500C2330A /* Build configuration list for PBXNativeTarget "BookmarkedUITests" */ = {
			isa = XCConfigurationList;
			buildConfigurations = (
				1E8E22732940C17500C2330A /* Debug */,
				1E8E22742940C17500C2330A /* Release */,
			);
			defaultConfigurationIsVisible = 0;
			defaultConfigurationName = Release;
		};
/* End XCConfigurationList section */
	};
	rootObject = 1E8E22402940C17400C2330A /* Project object */;
}
